
Microsoft Visual Studio Solution File, Format Version 12.00
# Visual Studio 14
VisualStudioVersion = 14.0.25420.1
MinimumVisualStudioVersion = 10.0.40219.1
Project("{2150E333-8FDC-42A3-9474-1A3956D46DE8}") = "src", "src", "{D536BE79-5723-4870-910E-9AE6D2698882}"
EndProject
Project("{2150E333-8FDC-42A3-9474-1A3956D46DE8}") = "Solution Items", "Solution Items", "{AD048716-D1E5-4A0C-A119-8870F683C72C}"
	ProjectSection(SolutionItems) = preProject
		global.json = global.json
	EndProjectSection
EndProject
Project("{8BB2217D-0F2D-49D1-97BC-3654ED321F3B}") = "WorkOnlineDropbox", "src\WorkOnlineDropbox\WorkOnlineDropbox.xproj", "{90D38A11-98BA-4402-921C-B1A47C069D88}"
EndProject
Global
	GlobalSection(SolutionConfigurationPlatforms) = preSolution
		Debug|Any CPU = Debug|Any CPU
		Release|Any CPU = Release|Any CPU
	EndGlobalSection
	GlobalSection(ProjectConfigurationPlatforms) = postSolution
		{90D38A11-98BA-4402-921C-B1A47C069D88}.Debug|Any CPU.ActiveCfg = Debug|Any CPU
		{90D38A11-98BA-4402-921C-B1A47C069D88}.Debug|Any CPU.Build.0 = Debug|Any CPU
		{90D38A11-98BA-4402-921C-B1A47C069D88}.Release|Any CPU.ActiveCfg = Release|Any CPU
		{90D38A11-98BA-4402-921C-B1A47C069D88}.Release|Any CPU.Build.0 = Release|Any CPU
	EndGlobalSection
	GlobalSection(SolutionProperties) = preSolution
		HideSolutionNode = FALSE
	EndGlobalSection
	GlobalSection(NestedProjects) = preSolution
		{90D38A11-98BA-4402-921C-B1A47C069D88} = {D536BE79-5723-4870-910E-9AE6D2698882}
	EndGlobalSection
EndGlobal
